
Microsoft Visual Studio Solution File, Format Version 12.00
# Visual Studio Version 17
VisualStudioVersion = 17.13.35818.85 d17.13
MinimumVisualStudioVersion = 10.0.40219.1
Project("{8BC9CEB8-8B4A-11D0-8D11-00A0C91BC942}") = "systemCTest", "systemCTest\systemCTest.vcxproj", "{2CC15E3C-8960-410D-8D3C-ECA1BAB362AB}"
EndProject
Global
	GlobalSection(SolutionConfigurationPlatforms) = preSolution
		Debug|x64 = Debug|x64
		Debug|x86 = Debug|x86
		Release|x64 = Release|x64
		Release|x86 = Release|x86
	EndGlobalSection
	GlobalSection(ProjectConfigurationPlatforms) = postSolution
		{2CC15E3C-8960-410D-8D3C-ECA1BAB362AB}.Debug|x64.ActiveCfg = Debug|x64
		{2CC15E3C-8960-410D-8D3C-ECA1BAB362AB}.Debug|x64.Build.0 = Debug|x64
		{2CC15E3C-8960-410D-8D3C-ECA1BAB362AB}.Debug|x86.ActiveCfg = Debug|Win32
		{2CC15E3C-8960-410D-8D3C-ECA1BAB362AB}.Debug|x86.Build.0 = Debug|Win32
		{2CC15E3C-8960-410D-8D3C-ECA1BAB362AB}.Release|x64.ActiveCfg = Release|x64
		{2CC15E3C-8960-410D-8D3C-ECA1BAB362AB}.Release|x64.Build.0 = Release|x64
		{2CC15E3C-8960-410D-8D3C-ECA1BAB362AB}.Release|x86.ActiveCfg = Release|Win32
		{2CC15E3C-8960-410D-8D3C-ECA1BAB362AB}.Release|x86.Build.0 = Release|Win32
	EndGlobalSection
	GlobalSection(SolutionProperties) = preSolution
		HideSolutionNode = FALSE
	EndGlobalSection
	GlobalSection(ExtensibilityGlobals) = postSolution
		SolutionGuid = {4A948341-B8D8-4541-B0BD-5393D11C9519}
	EndGlobalSection
EndGlobal
